
Microsoft Visual Studio Solution File, Format Version 12.00
# Visual Studio Version 17
VisualStudioVersion = 17.7.34018.315
MinimumVisualStudioVersion = 10.0.40219.1
Project("{FAE04EC0-301F-11D3-BF4B-00C04F79EFBC}") = "Uppgift 4.8", "Uppgift 4.8\Uppgift 4.8.csproj", "{7F60D77C-ABC8-4E73-A2CE-472B0D25BDC7}"
EndProject
Global
	GlobalSection(SolutionConfigurationPlatforms) = preSolution
		Debug|Any CPU = Debug|Any CPU
		Release|Any CPU = Release|Any CPU
	EndGlobalSection
	GlobalSection(ProjectConfigurationPlatforms) = postSolution
		{7F60D77C-ABC8-4E73-A2CE-472B0D25BDC7}.Debug|Any CPU.ActiveCfg = Debug|Any CPU
		{7F60D77C-ABC8-4E73-A2CE-472B0D25BDC7}.Debug|Any CPU.Build.0 = Debug|Any CPU
		{7F60D77C-ABC8-4E73-A2CE-472B0D25BDC7}.Release|Any CPU.ActiveCfg = Release|Any CPU
		{7F60D77C-ABC8-4E73-A2CE-472B0D25BDC7}.Release|Any CPU.Build.0 = Release|Any CPU
	EndGlobalSection
	GlobalSection(SolutionProperties) = preSolution
		HideSolutionNode = FALSE
	EndGlobalSection
	GlobalSection(ExtensibilityGlobals) = postSolution
		SolutionGuid = {9760E70A-62C4-449F-A02D-FA2C07240AB6}
	EndGlobalSection
EndGlobal
